
Microsoft Visual Studio Solution File, Format Version 12.00
# Visual Studio Version 16
VisualStudioVersion = 16.0.30621.155
MinimumVisualStudioVersion = 10.0.40219.1
Project("{FAE04EC0-301F-11D3-BF4B-00C04F79EFBC}") = "Classes", "Classes\Classes.csproj", "{D2FC90BC-B5AA-4BB0-82F6-FE2A4EC58E05}"
EndProject
Project("{FAE04EC0-301F-11D3-BF4B-00C04F79EFBC}") = "Classes2", "Classes2\Classes2.csproj", "{7243B178-129E-4978-86D1-A0EA617C1F2D}"
EndProject
Project("{FAE04EC0-301F-11D3-BF4B-00C04F79EFBC}") = "Inheritance", "Inheritance\Inheritance.csproj", "{56D3F781-D44B-451A-8306-CBEB2811014B}"
EndProject
Project("{FAE04EC0-301F-11D3-BF4B-00C04F79EFBC}") = "Polymorphism", "Polymorphism\Polymorphism.csproj", "{728B8ADD-605F-4918-B398-D9940031587C}"
EndProject
Project("{FAE04EC0-301F-11D3-BF4B-00C04F79EFBC}") = "Polymorphism2", "Polymorphism2\Polymorphism2.csproj", "{749C623B-D5A0-48E4-8040-8AF2FF7F3197}"
EndProject
Global
	GlobalSection(SolutionConfigurationPlatforms) = preSolution
		Debug|Any CPU = Debug|Any CPU
		Release|Any CPU = Release|Any CPU
	EndGlobalSection
	GlobalSection(ProjectConfigurationPlatforms) = postSolution
		{D2FC90BC-B5AA-4BB0-82F6-FE2A4EC58E05}.Debug|Any CPU.ActiveCfg = Debug|Any CPU
		{D2FC90BC-B5AA-4BB0-82F6-FE2A4EC58E05}.Debug|Any CPU.Build.0 = Debug|Any CPU
		{D2FC90BC-B5AA-4BB0-82F6-FE2A4EC58E05}.Release|Any CPU.ActiveCfg = Release|Any CPU
		{D2FC90BC-B5AA-4BB0-82F6-FE2A4EC58E05}.Release|Any CPU.Build.0 = Release|Any CPU
		{7243B178-129E-4978-86D1-A0EA617C1F2D}.Debug|Any CPU.ActiveCfg = Debug|Any CPU
		{7243B178-129E-4978-86D1-A0EA617C1F2D}.Debug|Any CPU.Build.0 = Debug|Any CPU
		{7243B178-129E-4978-86D1-A0EA617C1F2D}.Release|Any CPU.ActiveCfg = Release|Any CPU
		{7243B178-129E-4978-86D1-A0EA617C1F2D}.Release|Any CPU.Build.0 = Release|Any CPU
		{56D3F781-D44B-451A-8306-CBEB2811014B}.Debug|Any CPU.ActiveCfg = Debug|Any CPU
		{56D3F781-D44B-451A-8306-CBEB2811014B}.Debug|Any CPU.Build.0 = Debug|Any CPU
		{56D3F781-D44B-451A-8306-CBEB2811014B}.Release|Any CPU.ActiveCfg = Release|Any CPU
		{56D3F781-D44B-451A-8306-CBEB2811014B}.Release|Any CPU.Build.0 = Release|Any CPU
		{728B8ADD-605F-4918-B398-D9940031587C}.Debug|Any CPU.ActiveCfg = Debug|Any CPU
		{728B8ADD-605F-4918-B398-D9940031587C}.Debug|Any CPU.Build.0 = Debug|Any CPU
		{728B8ADD-605F-4918-B398-D9940031587C}.Release|Any CPU.ActiveCfg = Release|Any CPU
		{728B8ADD-605F-4918-B398-D9940031587C}.Release|Any CPU.Build.0 = Release|Any CPU
		{749C623B-D5A0-48E4-8040-8AF2FF7F3197}.Debug|Any CPU.ActiveCfg = Debug|Any CPU
		{749C623B-D5A0-48E4-8040-8AF2FF7F3197}.Debug|Any CPU.Build.0 = Debug|Any CPU
		{749C623B-D5A0-48E4-8040-8AF2FF7F3197}.Release|Any CPU.ActiveCfg = Release|Any CPU
		{749C623B-D5A0-48E4-8040-8AF2FF7F3197}.Release|Any CPU.Build.0 = Release|Any CPU
	EndGlobalSection
	GlobalSection(SolutionProperties) = preSolution
		HideSolutionNode = FALSE
	EndGlobalSection
	GlobalSection(ExtensibilityGlobals) = postSolution
		SolutionGuid = {85C70904-55C3-4224-87E7-6F7C2D52DE86}
	EndGlobalSection
EndGlobal
